
Microsoft Visual Studio Solution File, Format Version 12.00
# Visual Studio Version 16
VisualStudioVersion = 16.0.29123.88
MinimumVisualStudioVersion = 10.0.40219.1
Project("{FAE04EC0-301F-11D3-BF4B-00C04F79EFBC}") = "RussianTransliterator", "RussianTransliterator\RussianTransliterator.csproj", "{07F9FD5B-5241-4051-92A7-12B9412B8FED}"
EndProject
Global
	GlobalSection(SolutionConfigurationPlatforms) = preSolution
		Debug|Any CPU = Debug|Any CPU
		Release|Any CPU = Release|Any CPU
	EndGlobalSection
	GlobalSection(ProjectConfigurationPlatforms) = postSolution
		{07F9FD5B-5241-4051-92A7-12B9412B8FED}.Debug|Any CPU.ActiveCfg = Debug|Any CPU
		{07F9FD5B-5241-4051-92A7-12B9412B8FED}.Debug|Any CPU.Build.0 = Debug|Any CPU
		{07F9FD5B-5241-4051-92A7-12B9412B8FED}.Release|Any CPU.ActiveCfg = Release|Any CPU
		{07F9FD5B-5241-4051-92A7-12B9412B8FED}.Release|Any CPU.Build.0 = Release|Any CPU
	EndGlobalSection
	GlobalSection(SolutionProperties) = preSolution
		HideSolutionNode = FALSE
	EndGlobalSection
	GlobalSection(ExtensibilityGlobals) = postSolution
		SolutionGuid = {C4ABFE4C-7645-4F82-94DB-719CC3581B1B}
	EndGlobalSection
EndGlobal
